
Microsoft Visual Studio Solution File, Format Version 12.00
# Visual Studio Version 16
VisualStudioVersion = 16.0.30128.74
MinimumVisualStudioVersion = 10.0.40219.1
Project("{9A19103F-16F7-4668-BE54-9A1E7A4F7556}") = "EndpointA", "EndpointA\EndpointA.csproj", "{1A4135AE-239D-4CD0-8FF3-C257C6ABFD95}"
EndProject
Project("{9A19103F-16F7-4668-BE54-9A1E7A4F7556}") = "EndpointB", "EndpointB\EndpointB.csproj", "{F30B726E-837A-46A4-A0FF-FC8D4FC60883}"
EndProject
Project("{FAE04EC0-301F-11D3-BF4B-00C04F79EFBC}") = "SharedMessages", "SharedMessages\SharedMessages.csproj", "{2E52BF59-1157-44C5-81D3-6288A2D68536}"
EndProject
Global
	GlobalSection(SolutionConfigurationPlatforms) = preSolution
		Debug|Any CPU = Debug|Any CPU
		Release|Any CPU = Release|Any CPU
	EndGlobalSection
	GlobalSection(ProjectConfigurationPlatforms) = postSolution
		{1A4135AE-239D-4CD0-8FF3-C257C6ABFD95}.Debug|Any CPU.ActiveCfg = Debug|Any CPU
		{1A4135AE-239D-4CD0-8FF3-C257C6ABFD95}.Debug|Any CPU.Build.0 = Debug|Any CPU
		{1A4135AE-239D-4CD0-8FF3-C257C6ABFD95}.Release|Any CPU.ActiveCfg = Release|Any CPU
		{1A4135AE-239D-4CD0-8FF3-C257C6ABFD95}.Release|Any CPU.Build.0 = Release|Any CPU
		{F30B726E-837A-46A4-A0FF-FC8D4FC60883}.Debug|Any CPU.ActiveCfg = Debug|Any CPU
		{F30B726E-837A-46A4-A0FF-FC8D4FC60883}.Debug|Any CPU.Build.0 = Debug|Any CPU
		{F30B726E-837A-46A4-A0FF-FC8D4FC60883}.Release|Any CPU.ActiveCfg = Release|Any CPU
		{F30B726E-837A-46A4-A0FF-FC8D4FC60883}.Release|Any CPU.Build.0 = Release|Any CPU
		{2E52BF59-1157-44C5-81D3-6288A2D68536}.Debug|Any CPU.ActiveCfg = Debug|Any CPU
		{2E52BF59-1157-44C5-81D3-6288A2D68536}.Debug|Any CPU.Build.0 = Debug|Any CPU
		{2E52BF59-1157-44C5-81D3-6288A2D68536}.Release|Any CPU.ActiveCfg = Release|Any CPU
		{2E52BF59-1157-44C5-81D3-6288A2D68536}.Release|Any CPU.Build.0 = Release|Any CPU
	EndGlobalSection
	GlobalSection(SolutionProperties) = preSolution
		HideSolutionNode = FALSE
	EndGlobalSection
	GlobalSection(ExtensibilityGlobals) = postSolution
		SolutionGuid = {87C5F9C7-88E2-489E-8A61-726209FD5453}
	EndGlobalSection
EndGlobal
